Microsoft Visual Studio Solution File, Format Version 12.00
# Visual Studio Version 17
VisualStudioVersion = 17.5.2.0
MinimumVisualStudioVersion = 10.0.40219.1
Project("{2150E333-8FDC-42A3-9474-1A3956D46DE8}") = "20088640", "20088640", "{EB6A214E-8B64-C036-34B8-07F096BAD155}"
EndProject
Project("{FAE04EC0-301F-11D3-BF4B-00C04F79EFBC}") = "Task1", "20088640\Task1\Task1.csproj", "{17C0D387-AB9A-4078-4028-57ABE6FA48C6}"
EndProject
Project("{FAE04EC0-301F-11D3-BF4B-00C04F79EFBC}") = "Task2", "20088640\Task2\Task2.csproj", "{88CB0705-DE1C-1408-0582-E0A216B88837}"
EndProject
Global
	GlobalSection(SolutionConfigurationPlatforms) = preSolution
		Debug|Any CPU = Debug|Any CPU
		Release|Any CPU = Release|Any CPU
	EndGlobalSection
	GlobalSection(ProjectConfigurationPlatforms) = postSolution
		{17C0D387-AB9A-4078-4028-57ABE6FA48C6}.Debug|Any CPU.ActiveCfg = Debug|Any CPU
		{17C0D387-AB9A-4078-4028-57ABE6FA48C6}.Debug|Any CPU.Build.0 = Debug|Any CPU
		{17C0D387-AB9A-4078-4028-57ABE6FA48C6}.Release|Any CPU.ActiveCfg = Release|Any CPU
		{17C0D387-AB9A-4078-4028-57ABE6FA48C6}.Release|Any CPU.Build.0 = Release|Any CPU
		{88CB0705-DE1C-1408-0582-E0A216B88837}.Debug|Any CPU.ActiveCfg = Debug|Any CPU
		{88CB0705-DE1C-1408-0582-E0A216B88837}.Debug|Any CPU.Build.0 = Debug|Any CPU
		{88CB0705-DE1C-1408-0582-E0A216B88837}.Release|Any CPU.ActiveCfg = Release|Any CPU
		{88CB0705-DE1C-1408-0582-E0A216B88837}.Release|Any CPU.Build.0 = Release|Any CPU
	EndGlobalSection
	GlobalSection(SolutionProperties) = preSolution
		HideSolutionNode = FALSE
	EndGlobalSection
	GlobalSection(NestedProjects) = preSolution
		{17C0D387-AB9A-4078-4028-57ABE6FA48C6} = {EB6A214E-8B64-C036-34B8-07F096BAD155}
		{88CB0705-DE1C-1408-0582-E0A216B88837} = {EB6A214E-8B64-C036-34B8-07F096BAD155}
	EndGlobalSection
	GlobalSection(ExtensibilityGlobals) = postSolution
		SolutionGuid = {2738B311-418C-49C8-851A-AFB42C1325ED}
	EndGlobalSection
EndGlobal
